
Microsoft Visual Studio Solution File, Format Version 12.00
# Visual Studio Version 16
VisualStudioVersion = 16.0.31624.102
MinimumVisualStudioVersion = 10.0.40219.1
Project("{FAE04EC0-301F-11D3-BF4B-00C04F79EFBC}") = "Geocache-API", "Geocache-API.csproj", "{67145562-AB9F-4681-A4C9-BA1230B608EB}"
EndProject
Global
	GlobalSection(SolutionConfigurationPlatforms) = preSolution
		Debug|Any CPU = Debug|Any CPU
		Release|Any CPU = Release|Any CPU
	EndGlobalSection
	GlobalSection(ProjectConfigurationPlatforms) = postSolution
		{67145562-AB9F-4681-A4C9-BA1230B608EB}.Debug|Any CPU.ActiveCfg = Debug|Any CPU
		{67145562-AB9F-4681-A4C9-BA1230B608EB}.Debug|Any CPU.Build.0 = Debug|Any CPU
		{67145562-AB9F-4681-A4C9-BA1230B608EB}.Release|Any CPU.ActiveCfg = Release|Any CPU
		{67145562-AB9F-4681-A4C9-BA1230B608EB}.Release|Any CPU.Build.0 = Release|Any CPU
	EndGlobalSection
	GlobalSection(SolutionProperties) = preSolution
		HideSolutionNode = FALSE
	EndGlobalSection
	GlobalSection(ExtensibilityGlobals) = postSolution
		SolutionGuid = {A7FD8191-5BF8-4104-9A31-132F3243B311}
	EndGlobalSection
EndGlobal
